// !$*UTF8*$!
{
	archiveVersion = 1;
	classes = {
	};
	objectVersion = 46;
	objects = {

/* Begin PBXBuildFile section */
		D95D04BD18A01BC600C4FD70 /* EKTilesMaker.m in Sources */ = {isa = PBXBuildFile; fileRef = D95D04BC18A01BC600C4FD70 /* EKTilesMaker.m */; };
		D95D04DE18A02F6F00C4FD70 /* UIKit.framework in Frameworks */ = {isa = PBXBuildFile; fileRef = D9994AE8189AE4E700DC6BC3 /* UIKit.framework */; };
		D95D04DF18A02F6F00C4FD70 /* Foundation.framework in Frameworks */ = {isa = PBXBuildFile; fileRef = D9994AE4189AE4E700DC6BC3 /* Foundation.framework */; };
		D95D04E018A02F6F00C4FD70 /* CoreGraphics.framework in Frameworks */ = {isa = PBXBuildFile; fileRef = D9994AE6189AE4E700DC6BC3 /* CoreGraphics.framework */; };
		D95D04E618A02F6F00C4FD70 /* InfoPlist.strings in Resources */ = {isa = PBXBuildFile; fileRef = D95D04E418A02F6F00C4FD70 /* InfoPlist.strings */; };
		D95D04E818A02F6F00C4FD70 /* main.m in Sources */ = {isa = PBXBuildFile; fileRef = D95D04E718A02F6F00C4FD70 /* main.m */; };
		D95D04F418A030B800C4FD70 /* EKTilesMaker.m in Sources */ = {isa = PBXBuildFile; fileRef = D95D04BC18A01BC600C4FD70 /* EKTilesMaker.m */; };
		D9994AE5189AE4E700DC6BC3 /* Foundation.framework in Frameworks */ = {isa = PBXBuildFile; fileRef = D9994AE4189AE4E700DC6BC3 /* Foundation.framework */; };
		D9994AE7189AE4E700DC6BC3 /* CoreGraphics.framework in Frameworks */ = {isa = PBXBuildFile; fileRef = D9994AE6189AE4E700DC6BC3 /* CoreGraphics.framework */; };
		D9994AE9189AE4E700DC6BC3 /* UIKit.framework in Frameworks */ = {isa = PBXBuildFile; fileRef = D9994AE8189AE4E700DC6BC3 /* UIKit.framework */; };
		D9994AEF189AE4E700DC6BC3 /* InfoPlist.strings in Resources */ = {isa = PBXBuildFile; fileRef = D9994AED189AE4E700DC6BC3 /* InfoPlist.strings */; };
		D9994AF1189AE4E700DC6BC3 /* main.m in Sources */ = {isa = PBXBuildFile; fileRef = D9994AF0189AE4E700DC6BC3 /* main.m */; };
		D9994AF5189AE4E700DC6BC3 /* AppDelegate.m in Sources */ = {isa = PBXBuildFile; fileRef = D9994AF4189AE4E700DC6BC3 /* AppDelegate.m */; };
		D9994AF7189AE4E700DC6BC3 /* Images.xcassets in Resources */ = {isa = PBXBuildFile; fileRef = D9994AF6189AE4E700DC6BC3 /* Images.xcassets */; };
		D9B3BB5818AA154E0094914B /* PhotoViewController.m in Sources */ = {isa = PBXBuildFile; fileRef = D9B3BB5618AA154E0094914B /* PhotoViewController.m */; };
		D9B3BB5918AA154E0094914B /* PhotoViewController.xib in Resources */ = {isa = PBXBuildFile; fileRef = D9B3BB5718AA154E0094914B /* PhotoViewController.xib */; };
		D9B3BB6218AA16F90094914B /* TilingView.m in Sources */ = {isa = PBXBuildFile; fileRef = D9B3BB6118AA16F90094914B /* TilingView.m */; };
		D9B710B418A8F687002AE681 /* photo_large.jpg in Resources */ = {isa = PBXBuildFile; fileRef = D9B710B218A8F687002AE681 /* photo_large.jpg */; };
		D9B710B518A8F687002AE681 /* photo_small.jpg in Resources */ = {isa = PBXBuildFile; fileRef = D9B710B318A8F687002AE681 /* photo_small.jpg */; };
		D9B710BA18A8F71A002AE681 /* EKTilesMakerSpec.mm in Sources */ = {isa = PBXBuildFile; fileRef = D9B710B818A8F71A002AE681 /* EKTilesMakerSpec.mm */; };
		D9B710BB18A8F71A002AE681 /* UIImage+EKTilesmakerSpec.mm in Sources */ = {isa = PBXBuildFile; fileRef = D9B710B918A8F71A002AE681 /* UIImage+EKTilesmakerSpec.mm */; };
		D9B710BE18A8F72E002AE681 /* UIImage+EKTilesMaker.m in Sources */ = {isa = PBXBuildFile; fileRef = D9B710BD18A8F72E002AE681 /* UIImage+EKTilesMaker.m */; };
		D9B710C118A8F790002AE681 /* UIImage+EKTilesMaker.m in Sources */ = {isa = PBXBuildFile; fileRef = D9B710BD18A8F72E002AE681 /* UIImage+EKTilesMaker.m */; };
		E64EE7BD83F14595AB16F6AA /* libPods-EKTilesMakerUnitTests.a in Frameworks */ = {isa = PBXBuildFile; fileRef = E0381D13AF6F4F458AB48777 /* libPods-EKTilesMakerUnitTests.a */; };
/* End PBXBuildFile section */

/* Begin PBXFileReference section */
		342E69BC4C9B4D849386B242 /* Pods-EKTilesMakerUnitTests.xcconfig */ = {isa = PBXFileReference; includeInIndex = 1; lastKnownFileType = text.xcconfig; name = "Pods-EKTilesMakerUnitTests.xcconfig"; path = "Pods/Pods-EKTilesMakerUnitTests.xcconfig"; sourceTree = "<group>"; };
		D94EAFD0189AEE32005EB8D8 /* SenTestingKit.framework */ = {isa = PBXFileReference; lastKnownFileType = wrapper.framework; name = SenTestingKit.framework; path = Library/Frameworks/SenTestingKit.framework; sourceTree = DEVELOPER_DIR; };
		D95D04BB18A01BC600C4FD70 /* EKTilesMaker.h */ = {isa = PBXFileReference; fileEncoding = 4; lastKnownFileType = sourcecode.c.h; path = EKTilesMaker.h; sourceTree = "<group>"; };
		D95D04BC18A01BC600C4FD70 /* EKTilesMaker.m */ = {isa = PBXFileReference; fileEncoding = 4; lastKnownFileType = sourcecode.c.objc; path = EKTilesMaker.m; sourceTree = "<group>"; };
		D95D04DD18A02F6F00C4FD70 /* EKTilesMakerUnitTests.app */ = {isa = PBXFileReference; explicitFileType = wrapper.application; includeInIndex = 0; path = EKTilesMakerUnitTests.app; sourceTree = BUILT_PRODUCTS_DIR; };
		D95D04E318A02F6F00C4FD70 /* EKTilesMakerUnitTests-Info.plist */ = {isa = PBXFileReference; lastKnownFileType = text.plist.xml; path = "EKTilesMakerUnitTests-Info.plist"; sourceTree = "<group>"; };
		D95D04E518A02F6F00C4FD70 /* en */ = {isa = PBXFileReference; lastKnownFileType = text.plist.strings; name = en; path = en.lproj/InfoPlist.strings; sourceTree = "<group>"; };
		D95D04E718A02F6F00C4FD70 /* main.m */ = {isa = PBXFileReference; lastKnownFileType = sourcecode.c.objc; path = main.m; sourceTree = "<group>"; };
		D95D04E918A02F6F00C4FD70 /* EKTilesMakerUnitTests-Prefix.pch */ = {isa = PBXFileReference; lastKnownFileType = sourcecode.c.h; path = "EKTilesMakerUnitTests-Prefix.pch"; sourceTree = "<group>"; };
		D9994AE1189AE4E700DC6BC3 /* EKTilesMakerDemo.app */ = {isa = PBXFileReference; explicitFileType = wrapper.application; includeInIndex = 0; path = EKTilesMakerDemo.app; sourceTree = BUILT_PRODUCTS_DIR; };
		D9994AE4189AE4E700DC6BC3 /* Foundation.framework */ = {isa = PBXFileReference; lastKnownFileType = wrapper.framework; name = Foundation.framework; path = System/Library/Frameworks/Foundation.framework; sourceTree = SDKROOT; };
		D9994AE6189AE4E700DC6BC3 /* CoreGraphics.framework */ = {isa = PBXFileReference; lastKnownFileType = wrapper.framework; name = CoreGraphics.framework; path = System/Library/Frameworks/CoreGraphics.framework; sourceTree = SDKROOT; };
		D9994AE8189AE4E700DC6BC3 /* UIKit.framework */ = {isa = PBXFileReference; lastKnownFileType = wrapper.framework; name = UIKit.framework; path = System/Library/Frameworks/UIKit.framework; sourceTree = SDKROOT; };
		D9994AEC189AE4E700DC6BC3 /* EKTilesMakerDemo-Info.plist */ = {isa = PBXFileReference; lastKnownFileType = text.plist.xml; path = "EKTilesMakerDemo-Info.plist"; sourceTree = "<group>"; };
		D9994AEE189AE4E700DC6BC3 /* en */ = {isa = PBXFileReference; lastKnownFileType = text.plist.strings; name = en; path = en.lproj/InfoPlist.strings; sourceTree = "<group>"; };
		D9994AF0189AE4E700DC6BC3 /* main.m */ = {isa = PBXFileReference; lastKnownFileType = sourcecode.c.objc; path = main.m; sourceTree = "<group>"; };
		D9994AF2189AE4E700DC6BC3 /* EKTilesMakerDemo-Prefix.pch */ = {isa = PBXFileReference; lastKnownFileType = sourcecode.c.h; path = "EKTilesMakerDemo-Prefix.pch"; sourceTree = "<group>"; };
		D9994AF3189AE4E700DC6BC3 /* AppDelegate.h */ = {isa = PBXFileReference; lastKnownFileType = sourcecode.c.h; path = AppDelegate.h; sourceTree = "<group>"; };
		D9994AF4189AE4E700DC6BC3 /* AppDelegate.m */ = {isa = PBXFileReference; lastKnownFileType = sourcecode.c.objc; path = AppDelegate.m; sourceTree = "<group>"; };
		D9994AF6189AE4E700DC6BC3 /* Images.xcassets */ = {isa = PBXFileReference; lastKnownFileType = folder.assetcatalog; path = Images.xcassets; sourceTree = "<group>"; };
		D9B3BB5518AA154E0094914B /* PhotoViewController.h */ = {isa = PBXFileReference; fileEncoding = 4; lastKnownFileType = sourcecode.c.h; path = PhotoViewController.h; sourceTree = "<group>"; };
		D9B3BB5618AA154E0094914B /* PhotoViewController.m */ = {isa = PBXFileReference; fileEncoding = 4; lastKnownFileType = sourcecode.c.objc; path = PhotoViewController.m; sourceTree = "<group>"; };
		D9B3BB5718AA154E0094914B /* PhotoViewController.xib */ = {isa = PBXFileReference; fileEncoding = 4; lastKnownFileType = file.xib; path = PhotoViewController.xib; sourceTree = "<group>"; };
		D9B3BB6018AA16F90094914B /* TilingView.h */ = {isa = PBXFileReference; fileEncoding = 4; lastKnownFileType = sourcecode.c.h; path = TilingView.h; sourceTree = "<group>"; };
		D9B3BB6118AA16F90094914B /* TilingView.m */ = {isa = PBXFileReference; fileEncoding = 4; lastKnownFileType = sourcecode.c.objc; path = TilingView.m; sourceTree = "<group>"; };
		D9B710B218A8F687002AE681 /* photo_large.jpg */ = {isa = PBXFileReference; lastKnownFileType = image.jpeg; path = photo_large.jpg; sourceTree = "<group>"; };
		D9B710B318A8F687002AE681 /* photo_small.jpg */ = {isa = PBXFileReference; lastKnownFileType = image.jpeg; name = photo_small.jpg; path = EKTilesMakerDemo/Resources/photo_small.jpg; sourceTree = SOURCE_ROOT; };
		D9B710B818A8F71A002AE681 /* EKTilesMakerSpec.mm */ = {isa = PBXFileReference; fileEncoding = 4; lastKnownFileType = sourcecode.cpp.objcpp; path = EKTilesMakerSpec.mm; sourceTree = "<group>"; };
		D9B710B918A8F71A002AE681 /* UIImage+EKTilesmakerSpec.mm */ = {isa = PBXFileReference; fileEncoding = 4; lastKnownFileType = sourcecode.cpp.objcpp; path = "UIImage+EKTilesmakerSpec.mm"; sourceTree = "<group>"; };
		D9B710BC18A8F72E002AE681 /* UIImage+EKTilesMaker.h */ = {isa = PBXFileReference; fileEncoding = 4; lastKnownFileType = sourcecode.c.h; path = "UIImage+EKTilesMaker.h"; sourceTree = "<group>"; };
		D9B710BD18A8F72E002AE681 /* UIImage+EKTilesMaker.m */ = {isa = PBXFileReference; fileEncoding = 4; lastKnownFileType = sourcecode.c.objc; path = "UIImage+EKTilesMaker.m"; sourceTree = "<group>"; };
		E0381D13AF6F4F458AB48777 /* libPods-EKTilesMakerUnitTests.a */ = {isa = PBXFileReference; explicitFileType = archive.ar; includeInIndex = 0; path = "libPods-EKTilesMakerUnitTests.a"; sourceTree = BUILT_PRODUCTS_DIR; };
/* End PBXFileReference section */

/* Begin PBXFrameworksBuildPhase section */
		D95D04DA18A02F6F00C4FD70 /* Frameworks */ = {
			isa = PBXFrameworksBuildPhase;
			buildActionMask = 2147483647;
			files = (
				D95D04E018A02F6F00C4FD70 /* CoreGraphics.framework in Frameworks */,
				D95D04DE18A02F6F00C4FD70 /* UIKit.framework in Frameworks */,
				D95D04DF18A02F6F00C4FD70 /* Foundation.framework in Frameworks */,
				E64EE7BD83F14595AB16F6AA /* libPods-EKTilesMakerUnitTests.a in Frameworks */,
			);
			runOnlyForDeploymentPostprocessing = 0;
		};
		D9994ADE189AE4E700DC6BC3 /* Frameworks */ = {
			isa = PBXFrameworksBuildPhase;
			buildActionMask = 2147483647;
			files = (
				D9994AE7189AE4E700DC6BC3 /* CoreGraphics.framework in Frameworks */,
				D9994AE9189AE4E700DC6BC3 /* UIKit.framework in Frameworks */,
				D9994AE5189AE4E700DC6BC3 /* Foundation.framework in Frameworks */,
			);
			runOnlyForDeploymentPostprocessing = 0;
		};
/* End PBXFrameworksBuildPhase section */

/* Begin PBXGroup section */
		D95D04BA18A01B9E00C4FD70 /* EKTilesMaker */ = {
			isa = PBXGroup;
			children = (
				D9B710BF18A8F733002AE681 /* Classes */,
				D9B710C018A8F738002AE681 /* Categories */,
			);
			name = EKTilesMaker;
			path = ../EKTilesMaker;
			sourceTree = "<group>";
		};
		D95D04D618A0220800C4FD70 /* Resources */ = {
			isa = PBXGroup;
			children = (
				D9B710B218A8F687002AE681 /* photo_large.jpg */,
			);
			path = Resources;
			sourceTree = "<group>";
		};
		D95D04E118A02F6F00C4FD70 /* EKTilesMakerUnitTests */ = {
			isa = PBXGroup;
			children = (
				D9B710B718A8F70B002AE681 /* Specs */,
				D9B710B618A8F68C002AE681 /* Resources */,
				D95D04E218A02F6F00C4FD70 /* Supporting Files */,
			);
			path = EKTilesMakerUnitTests;
			sourceTree = "<group>";
		};
		D95D04E218A02F6F00C4FD70 /* Supporting Files */ = {
			isa = PBXGroup;
			children = (
				D95D04E318A02F6F00C4FD70 /* EKTilesMakerUnitTests-Info.plist */,
				D95D04E418A02F6F00C4FD70 /* InfoPlist.strings */,
				D95D04E718A02F6F00C4FD70 /* main.m */,
				D95D04E918A02F6F00C4FD70 /* EKTilesMakerUnitTests-Prefix.pch */,
			);
			name = "Supporting Files";
			sourceTree = "<group>";
		};
		D9994AD8189AE4E700DC6BC3 = {
			isa = PBXGroup;
			children = (
				D9994AEA189AE4E700DC6BC3 /* EKTilesMakerDemo */,
				D95D04BA18A01B9E00C4FD70 /* EKTilesMaker */,
				D95D04E118A02F6F00C4FD70 /* EKTilesMakerUnitTests */,
				D9994AE3189AE4E700DC6BC3 /* Frameworks */,
				D9994AE2189AE4E700DC6BC3 /* Products */,
				342E69BC4C9B4D849386B242 /* Pods-EKTilesMakerUnitTests.xcconfig */,
			);
			sourceTree = "<group>";
		};
		D9994AE2189AE4E700DC6BC3 /* Products */ = {
			isa = PBXGroup;
			children = (
				D9994AE1189AE4E700DC6BC3 /* EKTilesMakerDemo.app */,
				D95D04DD18A02F6F00C4FD70 /* EKTilesMakerUnitTests.app */,
			);
			name = Products;
			sourceTree = "<group>";
		};
		D9994AE3189AE4E700DC6BC3 /* Frameworks */ = {
			isa = PBXGroup;
			children = (
				D9994AE4189AE4E700DC6BC3 /* Foundation.framework */,
				D9994AE6189AE4E700DC6BC3 /* CoreGraphics.framework */,
				D9994AE8189AE4E700DC6BC3 /* UIKit.framework */,
				D94EAFD0189AEE32005EB8D8 /* SenTestingKit.framework */,
				E0381D13AF6F4F458AB48777 /* libPods-EKTilesMakerUnitTests.a */,
			);
			name = Frameworks;
			sourceTree = "<group>";
		};
		D9994AEA189AE4E700DC6BC3 /* EKTilesMakerDemo */ = {
			isa = PBXGroup;
			children = (
				D9B3BB5A18AA15550094914B /* Application */,
				D9B3BB5B18AA155A0094914B /* View Controllers */,
				D9B3BB5C18AA15C80094914B /* Views */,
				D9994AF6189AE4E700DC6BC3 /* Images.xcassets */,
				D95D04D618A0220800C4FD70 /* Resources */,
				D9994AEB189AE4E700DC6BC3 /* Supporting Files */,
			);
			path = EKTilesMakerDemo;
			sourceTree = "<group>";
		};
		D9994AEB189AE4E700DC6BC3 /* Supporting Files */ = {
			isa = PBXGroup;
			children = (
				D9994AEC189AE4E700DC6BC3 /* EKTilesMakerDemo-Info.plist */,
				D9994AED189AE4E700DC6BC3 /* InfoPlist.strings */,
				D9994AF0189AE4E700DC6BC3 /* main.m */,
				D9994AF2189AE4E700DC6BC3 /* EKTilesMakerDemo-Prefix.pch */,
			);
			name = "Supporting Files";
			sourceTree = "<group>";
		};
		D9B3BB5A18AA15550094914B /* Application */ = {
			isa = PBXGroup;
			children = (
				D9994AF3189AE4E700DC6BC3 /* AppDelegate.h */,
				D9994AF4189AE4E700DC6BC3 /* AppDelegate.m */,
			);
			name = Application;
			sourceTree = "<group>";
		};
		D9B3BB5B18AA155A0094914B /* View Controllers */ = {
			isa = PBXGroup;
			children = (
				D9B3BB5518AA154E0094914B /* PhotoViewController.h */,
				D9B3BB5618AA154E0094914B /* PhotoViewController.m */,
				D9B3BB5718AA154E0094914B /* PhotoViewController.xib */,
			);
			name = "View Controllers";
			sourceTree = "<group>";
		};
		D9B3BB5C18AA15C80094914B /* Views */ = {
			isa = PBXGroup;
			children = (
				D9B3BB6018AA16F90094914B /* TilingView.h */,
				D9B3BB6118AA16F90094914B /* TilingView.m */,
			);
			name = Views;
			sourceTree = "<group>";
		};
		D9B710B618A8F68C002AE681 /* Resources */ = {
			isa = PBXGroup;
			children = (
				D9B710B318A8F687002AE681 /* photo_small.jpg */,
			);
			name = Resources;
			path = ../../EKTilesMaker;
			sourceTree = "<group>";
		};
		D9B710B718A8F70B002AE681 /* Specs */ = {
			isa = PBXGroup;
			children = (
				D9B710B818A8F71A002AE681 /* EKTilesMakerSpec.mm */,
				D9B710B918A8F71A002AE681 /* UIImage+EKTilesmakerSpec.mm */,
			);
			name = Specs;
			sourceTree = "<group>";
		};
		D9B710BF18A8F733002AE681 /* Classes */ = {
			isa = PBXGroup;
			children = (
				D95D04BB18A01BC600C4FD70 /* EKTilesMaker.h */,
				D95D04BC18A01BC600C4FD70 /* EKTilesMaker.m */,
			);
			name = Classes;
			sourceTree = "<group>";
		};
		D9B710C018A8F738002AE681 /* Categories */ = {
			isa = PBXGroup;
			children = (
				D9B710BC18A8F72E002AE681 /* UIImage+EKTilesMaker.h */,
				D9B710BD18A8F72E002AE681 /* UIImage+EKTilesMaker.m */,
			);
			name = Categories;
			sourceTree = "<group>";
		};
/* End PBXGroup section */

/* Begin PBXNativeTarget section */
		D95D04DC18A02F6F00C4FD70 /* EKTilesMakerUnitTests */ = {
			isa = PBXNativeTarget;
			buildConfigurationList = D95D04EF18A02F7000C4FD70 /* Build configuration list for PBXNativeTarget "EKTilesMakerUnitTests" */;
			buildPhases = (
				A9B4DCC3EAFA43EC86C4730F /* Check Pods Manifest.lock */,
				D95D04D918A02F6F00C4FD70 /* Sources */,
				D95D04DA18A02F6F00C4FD70 /* Frameworks */,
				D95D04DB18A02F6F00C4FD70 /* Resources */,
				16C80C2F032A40249B7EBC15 /* Copy Pods Resources */,
			);
			buildRules = (
			);
			dependencies = (
			);
			name = EKTilesMakerUnitTests;
			productName = EKTilesMakerUnitTests;
			productReference = D95D04DD18A02F6F00C4FD70 /* EKTilesMakerUnitTests.app */;
			productType = "com.apple.product-type.application";
		};
		D9994AE0189AE4E700DC6BC3 /* EKTilesMakerDemo */ = {
			isa = PBXNativeTarget;
			buildConfigurationList = D9994B0D189AE4E700DC6BC3 /* Build configuration list for PBXNativeTarget "EKTilesMakerDemo" */;
			buildPhases = (
				D9994ADD189AE4E700DC6BC3 /* Sources */,
				D9994ADE189AE4E700DC6BC3 /* Frameworks */,
				D9994ADF189AE4E700DC6BC3 /* Resources */,
			);
			buildRules = (
			);
			dependencies = (
			);
			name = EKTilesMakerDemo;
			productName = EKTilesMakerDemo;
			productReference = D9994AE1189AE4E700DC6BC3 /* EKTilesMakerDemo.app */;
			productType = "com.apple.product-type.application";
		};
/* End PBXNativeTarget section */

/* Begin PBXProject section */
		D9994AD9189AE4E700DC6BC3 /* Project object */ = {
			isa = PBXProject;
			attributes = {
				LastUpgradeCheck = 0500;
				ORGANIZATIONNAME = "Evgeniy Kirpichenko";
			};
			buildConfigurationList = D9994ADC189AE4E700DC6BC3 /* Build configuration list for PBXProject "EKTilesMakerDemo" */;
			compatibilityVersion = "Xcode 3.2";
			developmentRegion = English;
			hasScannedForEncodings = 0;
			knownRegions = (
				en,
			);
			mainGroup = D9994AD8189AE4E700DC6BC3;
			productRefGroup = D9994AE2189AE4E700DC6BC3 /* Products */;
			projectDirPath = "";
			projectRoot = "";
			targets = (
				D9994AE0189AE4E700DC6BC3 /* EKTilesMakerDemo */,
				D95D04DC18A02F6F00C4FD70 /* EKTilesMakerUnitTests */,
			);
		};
/* End PBXProject section */

/* Begin PBXResourcesBuildPhase section */
		D95D04DB18A02F6F00C4FD70 /* Resources */ = {
			isa = PBXResourcesBuildPhase;
			buildActionMask = 2147483647;
			files = (
				D95D04E618A02F6F00C4FD70 /* InfoPlist.strings in Resources */,
			);
			runOnlyForDeploymentPostprocessing = 0;
		};
		D9994ADF189AE4E700DC6BC3 /* Resources */ = {
			isa = PBXResourcesBuildPhase;
			buildActionMask = 2147483647;
			files = (
				D9B710B518A8F687002AE681 /* photo_small.jpg in Resources */,
				D9B3BB5918AA154E0094914B /* PhotoViewController.xib in Resources */,
				D9994AEF189AE4E700DC6BC3 /* InfoPlist.strings in Resources */,
				D9B710B418A8F687002AE681 /* photo_large.jpg in Resources */,
				D9994AF7189AE4E700DC6BC3 /* Images.xcassets in Resources */,
			);
			runOnlyForDeploymentPostprocessing = 0;
		};
/* End PBXResourcesBuildPhase section */

/* Begin PBXShellScriptBuildPhase section */
		16C80C2F032A40249B7EBC15 /* Copy Pods Resources */ = {
			isa = PBXShellScriptBuildPhase;
			buildActionMask = 2147483647;
			files = (
			);
			inputPaths = (
			);
			name = "Copy Pods Resources";
			outputPaths = (
			);
			runOnlyForDeploymentPostprocessing = 0;
			shellPath = /bin/sh;
			shellScript = "\"${SRCROOT}/Pods/Pods-EKTilesMakerUnitTests-resources.sh\"\n";
			showEnvVarsInLog = 0;
		};
		A9B4DCC3EAFA43EC86C4730F /* Check Pods Manifest.lock */ = {
			isa = PBXShellScriptBuildPhase;
			buildActionMask = 2147483647;
			files = (
			);
			inputPaths = (
			);
			name = "Check Pods Manifest.lock";
			outputPaths = (
			);
			runOnlyForDeploymentPostprocessing = 0;
			shellPath = /bin/sh;
			shellScript = "diff \"${PODS_ROOT}/../Podfile.lock\" \"${PODS_ROOT}/Manifest.lock\" > /dev/null\nif [[ $? != 0 ]] ; then\n    cat << EOM\nerror: The sandbox is not in sync with the Podfile.lock. Run 'pod install' or update your CocoaPods installation.\nEOM\n    exit 1\nfi\n";
			showEnvVarsInLog = 0;
		};
/* End PBXShellScriptBuildPhase section */

/* Begin PBXSourcesBuildPhase section */
		D95D04D918A02F6F00C4FD70 /* Sources */ = {
			isa = PBXSourcesBuildPhase;
			buildActionMask = 2147483647;
			files = (
				D9B710BA18A8F71A002AE681 /* EKTilesMakerSpec.mm in Sources */,
				D95D04E818A02F6F00C4FD70 /* main.m in Sources */,
				D9B710C118A8F790002AE681 /* UIImage+EKTilesMaker.m in Sources */,
				D95D04F418A030B800C4FD70 /* EKTilesMaker.m in Sources */,
				D9B710BB18A8F71A002AE681 /* UIImage+EKTilesmakerSpec.mm in Sources */,
			);
			runOnlyForDeploymentPostprocessing = 0;
		};
		D9994ADD189AE4E700DC6BC3 /* Sources */ = {
			isa = PBXSourcesBuildPhase;
			buildActionMask = 2147483647;
			files = (
				D9994AF5189AE4E700DC6BC3 /* AppDelegate.m in Sources */,
				D95D04BD18A01BC600C4FD70 /* EKTilesMaker.m in Sources */,
				D9B3BB6218AA16F90094914B /* TilingView.m in Sources */,
				D9B710BE18A8F72E002AE681 /* UIImage+EKTilesMaker.m in Sources */,
				D9994AF1189AE4E700DC6BC3 /* main.m in Sources */,
				D9B3BB5818AA154E0094914B /* PhotoViewController.m in Sources */,
			);
			runOnlyForDeploymentPostprocessing = 0;
		};
/* End PBXSourcesBuildPhase section */

/* Begin PBXVariantGroup section */
		D95D04E418A02F6F00C4FD70 /* InfoPlist.strings */ = {
			isa = PBXVariantGroup;
			children = (
				D95D04E518A02F6F00C4FD70 /* en */,
			);
			name = InfoPlist.strings;
			sourceTree = "<group>";
		};
		D9994AED189AE4E700DC6BC3 /* InfoPlist.strings */ = {
			isa = PBXVariantGroup;
			children = (
				D9994AEE189AE4E700DC6BC3 /* en */,
			);
			name = InfoPlist.strings;
			sourceTree = "<group>";
		};
/* End PBXVariantGroup section */

/* Begin XCBuildConfiguration section */
		D95D04F018A02F7000C4FD70 /* Debug */ = {
			isa = XCBuildConfiguration;
			baseConfigurationReference = 342E69BC4C9B4D849386B242 /* Pods-EKTilesMakerUnitTests.xcconfig */;
			buildSettings = {
				ARCHS = "$(ARCHS_STANDARD_INCLUDING_64_BIT)";
				CLANG_CXX_LANGUAGE_STANDARD = "gnu++0x";
				"CODE_SIGN_IDENTITY[sdk=iphoneos*]" = "iPhone Developer";
				FRAMEWORK_SEARCH_PATHS = (
					"$(inherited)",
					/Users/kirpichenko/Projects/EKTilesMaker/EKTilesMakerDemo/EKTilesMakerUnitTests/Frameworks,
				);
				GCC_PRECOMPILE_PREFIX_HEADER = YES;
				GCC_PREFIX_HEADER = "EKTilesMakerUnitTests/EKTilesMakerUnitTests-Prefix.pch";
				GCC_PREPROCESSOR_DEFINITIONS = (
					"DEBUG=1",
					"$(inherited)",
				);
				INFOPLIST_FILE = "EKTilesMakerUnitTests/EKTilesMakerUnitTests-Info.plist";
				IPHONEOS_DEPLOYMENT_TARGET = 6.1;
				OTHER_LDFLAGS = (
					"-ObjC",
					"-all_load",
					"-lstdc++",
				);
				PRODUCT_NAME = "$(TARGET_NAME)";
				WRAPPER_EXTENSION = app;
			};
			name = Debug;
		};
		D95D04F118A02F7000C4FD70 /* Release */ = {
			isa = XCBuildConfiguration;
			baseConfigurationReference = 342E69BC4C9B4D849386B242 /* Pods-EKTilesMakerUnitTests.xcconfig */;
			buildSettings = {
				ARCHS = "$(ARCHS_STANDARD_INCLUDING_64_BIT)";
				CLANG_CXX_LANGUAGE_STANDARD = "gnu++0x";
				"CODE_SIGN_IDENTITY[sdk=iphoneos*]" = "iPhone Developer";
				FRAMEWORK_SEARCH_PATHS = (
					"$(inherited)",
					/Users/kirpichenko/Projects/EKTilesMaker/EKTilesMakerDemo/EKTilesMakerUnitTests/Frameworks,
				);
				GCC_PRECOMPILE_PREFIX_HEADER = YES;
				GCC_PREFIX_HEADER = "EKTilesMakerUnitTests/EKTilesMakerUnitTests-Prefix.pch";
				INFOPLIST_FILE = "EKTilesMakerUnitTests/EKTilesMakerUnitTests-Info.plist";
				IPHONEOS_DEPLOYMENT_TARGET = 6.1;
				OTHER_CFLAGS = "-DNS_BLOCK_ASSERTIONS=1";
				OTHER_LDFLAGS = (
					"-ObjC",
					"-all_load",
					"-lstdc++",
				);
				PRODUCT_NAME = "$(TARGET_NAME)";
				WRAPPER_EXTENSION = app;
			};
			name = Release;
		};
		D9994B0B189AE4E700DC6BC3 /* Debug */ = {
			isa = XCBuildConfiguration;
			buildSettings = {
				ALWAYS_SEARCH_USER_PATHS = NO;
				ARCHS = "$(ARCHS_STANDARD_INCLUDING_64_BIT)";
				CLANG_CXX_LANGUAGE_STANDARD = "gnu++0x";
				CLANG_CXX_LIBRARY = "libc++";
				CLANG_ENABLE_MODULES = YES;
				CLANG_ENABLE_OBJC_ARC = YES;
				CLANG_WARN_BOOL_CONVERSION = YES;
				CLANG_WARN_CONSTANT_CONVERSION = YES;
				CLANG_WARN_DIRECT_OBJC_ISA_USAGE = YES_ERROR;
				CLANG_WARN_EMPTY_BODY = YES;
				CLANG_WARN_ENUM_CONVERSION = YES;
				CLANG_WARN_INT_CONVERSION = YES;
				CLANG_WARN_OBJC_ROOT_CLASS = YES_ERROR;
				CLANG_WARN__DUPLICATE_METHOD_MATCH = YES;
				"CODE_SIGN_IDENTITY[sdk=iphoneos*]" = "iPhone Developer";
				COPY_PHASE_STRIP = NO;
				GCC_C_LANGUAGE_STANDARD = gnu99;
				GCC_DYNAMIC_NO_PIC = NO;
				GCC_OPTIMIZATION_LEVEL = 0;
				GCC_PREPROCESSOR_DEFINITIONS = (
					"DEBUG=1",
					"$(inherited)",
				);
				GCC_SYMBOLS_PRIVATE_EXTERN = NO;
				GCC_WARN_64_TO_32_BIT_CONVERSION = YES;
				GCC_WARN_ABOUT_RETURN_TYPE = YES_ERROR;
				GCC_WARN_UNDECLARED_SELECTOR = YES;
				GCC_WARN_UNINITIALIZED_AUTOS = YES;
				GCC_WARN_UNUSED_FUNCTION = YES;
				GCC_WARN_UNUSED_VARIABLE = YES;
				IPHONEOS_DEPLOYMENT_TARGET = 6.0;
				ONLY_ACTIVE_ARCH = YES;
				SDKROOT = iphoneos;
			};
			name = Debug;
		};
		D9994B0C189AE4E700DC6BC3 /* Release */ = {
			isa = XCBuildConfiguration;
			buildSettings = {
				ALWAYS_SEARCH_USER_PATHS = NO;
				ARCHS = "$(ARCHS_STANDARD_INCLUDING_64_BIT)";
				CLANG_CXX_LANGUAGE_STANDARD = "gnu++0x";
				CLANG_CXX_LIBRARY = "libc++";
				CLANG_ENABLE_MODULES = YES;
				CLANG_ENABLE_OBJC_ARC = YES;
				CLANG_WARN_BOOL_CONVERSION = YES;
				CLANG_WARN_CONSTANT_CONVERSION = YES;
				CLANG_WARN_DIRECT_OBJC_ISA_USAGE = YES_ERROR;
				CLANG_WARN_EMPTY_BODY = YES;
				CLANG_WARN_ENUM_CONVERSION = YES;
				CLANG_WARN_INT_CONVERSION = YES;
				CLANG_WARN_OBJC_ROOT_CLASS = YES_ERROR;
				CLANG_WARN__DUPLICATE_METHOD_MATCH = YES;
				"CODE_SIGN_IDENTITY[sdk=iphoneos*]" = "iPhone Developer";
				COPY_PHASE_STRIP = YES;
				ENABLE_NS_ASSERTIONS = NO;
				GCC_C_LANGUAGE_STANDARD = gnu99;
				GCC_WARN_64_TO_32_BIT_CONVERSION = YES;
				GCC_WARN_ABOUT_RETURN_TYPE = YES_ERROR;
				GCC_WARN_UNDECLARED_SELECTOR = YES;
				GCC_WARN_UNINITIALIZED_AUTOS = YES;
				GCC_WARN_UNUSED_FUNCTION = YES;
				GCC_WARN_UNUSED_VARIABLE = YES;
				IPHONEOS_DEPLOYMENT_TARGET = 6.0;
				SDKROOT = iphoneos;
				VALIDATE_PRODUCT = YES;
			};
			name = Release;
		};
		D9994B0E189AE4E700DC6BC3 /* Debug */ = {
			isa = XCBuildConfiguration;
			buildSettings = {
				ASSETCATALOG_COMPILER_APPICON_NAME = AppIcon;
				ASSETCATALOG_COMPILER_LAUNCHIMAGE_NAME = LaunchImage;
				GCC_PRECOMPILE_PREFIX_HEADER = YES;
				GCC_PREFIX_HEADER = "EKTilesMakerDemo/EKTilesMakerDemo-Prefix.pch";
				INFOPLIST_FILE = "EKTilesMakerDemo/EKTilesMakerDemo-Info.plist";
				IPHONEOS_DEPLOYMENT_TARGET = 6.0;
				PRODUCT_NAME = "$(TARGET_NAME)";
				WRAPPER_EXTENSION = app;
			};
			name = Debug;
		};
		D9994B0F189AE4E700DC6BC3 /* Release */ = {
			isa = XCBuildConfiguration;
			buildSettings = {
				ASSETCATALOG_COMPILER_APPICON_NAME = AppIcon;
				ASSETCATALOG_COMPILER_LAUNCHIMAGE_NAME = LaunchImage;
				GCC_PRECOMPILE_PREFIX_HEADER = YES;
				GCC_PREFIX_HEADER = "EKTilesMakerDemo/EKTilesMakerDemo-Prefix.pch";
				INFOPLIST_FILE = "EKTilesMakerDemo/EKTilesMakerDemo-Info.plist";
				IPHONEOS_DEPLOYMENT_TARGET = 6.0;
				PRODUCT_NAME = "$(TARGET_NAME)";
				WRAPPER_EXTENSION = app;
			};
			name = Release;
		};
/* End XCBuildConfiguration section */

/* Begin XCConfigurationList section */
		D95D04EF18A02F7000C4FD70 /* Build configuration list for PBXNativeTarget "EKTilesMakerUnitTests" */ = {
			isa = XCConfigurationList;
			buildConfigurations = (
				D95D04F018A02F7000C4FD70 /* Debug */,
				D95D04F118A02F7000C4FD70 /* Release */,
			);
			defaultConfigurationIsVisible = 0;
			defaultConfigurationName = Release;
		};
		D9994ADC189AE4E700DC6BC3 /* Build configuration list for PBXProject "EKTilesMakerDemo" */ = {
			isa = XCConfigurationList;
			buildConfigurations = (
				D9994B0B189AE4E700DC6BC3 /* Debug */,
				D9994B0C189AE4E700DC6BC3 /* Release */,
			);
			defaultConfigurationIsVisible = 0;
			defaultConfigurationName = Release;
		};
		D9994B0D189AE4E700DC6BC3 /* Build configuration list for PBXNativeTarget "EKTilesMakerDemo" */ = {
			isa = XCConfigurationList;
			buildConfigurations = (
				D9994B0E189AE4E700DC6BC3 /* Debug */,
				D9994B0F189AE4E700DC6BC3 /* Release */,
			);
			defaultConfigurationIsVisible = 0;
			defaultConfigurationName = Release;
		};
/* End XCConfigurationList section */
	};
	rootObject = D9994AD9189AE4E700DC6BC3 /* Project object */;
}
